// !$*UTF8*$!
{
	archiveVersion = 1;
	classes = {
	};
	objectVersion = 55;
	objects = {

/* Begin PBXBuildFile section */
		58416558272B24A1006F6964 /* VideoWithBlock.mov in Resources */ = {isa = PBXBuildFile; fileRef = 58416557272B24A1006F6964 /* VideoWithBlock.mov */; };
		5841655A272B2837006F6964 /* MainView.swift in Sources */ = {isa = PBXBuildFile; fileRef = 58416559272B2837006F6964 /* MainView.swift */; };
		5841655C272B46A0006F6964 /* CustomShape.swift in Sources */ = {isa = PBXBuildFile; fileRef = 5841655B272B46A0006F6964 /* CustomShape.swift */; };
		58D8C696272A445E00F59761 /* XProjectApp.swift in Sources */ = {isa = PBXBuildFile; fileRef = 58D8C695272A445E00F59761 /* XProjectApp.swift */; };
		58D8C698272A445E00F59761 /* ContentView.swift in Sources */ = {isa = PBXBuildFile; fileRef = 58D8C697272A445E00F59761 /* ContentView.swift */; };
		58D8C69A272A445E00F59761 /* Assets.xcassets in Resources */ = {isa = PBXBuildFile; fileRef = 58D8C699272A445E00F59761 /* Assets.xcassets */; };
		58D8C69D272A445E00F59761 /* Preview Assets.xcassets in Resources */ = {isa = PBXBuildFile; fileRef = 58D8C69C272A445E00F59761 /* Preview Assets.xcassets */; };
		58D8C6A7272A445E00F59761 /* XProjectTests.swift in Sources */ = {isa = PBXBuildFile; fileRef = 58D8C6A6272A445E00F59761 /* XProjectTests.swift */; };
		58D8C6B1272A445E00F59761 /* XProjectUITests.swift in Sources */ = {isa = PBXBuildFile; fileRef = 58D8C6B0272A445E00F59761 /* XProjectUITests.swift */; };
		58D8C6B3272A445E00F59761 /* XProjectUITestsLaunchTests.swift in Sources */ = {isa = PBXBuildFile; fileRef = 58D8C6B2272A445E00F59761 /* XProjectUITestsLaunchTests.swift */; };
		58D8C6C0272A456500F59761 /* videoPicker.swift in Sources */ = {isa = PBXBuildFile; fileRef = 58D8C6BF272A456500F59761 /* videoPicker.swift */; };
/* End PBXBuildFile section */

/* Begin PBXContainerItemProxy section */
		58D8C6A3272A445E00F59761 /* PBXContainerItemProxy */ = {
			isa = PBXContainerItemProxy;
			containerPortal = 58D8C68A272A445E00F59761 /* Project object */;
			proxyType = 1;
			remoteGlobalIDString = 58D8C691272A445E00F59761;
			remoteInfo = XProject;
		};
		58D8C6AD272A445E00F59761 /* PBXContainerItemProxy */ = {
			isa = PBXContainerItemProxy;
			containerPortal = 58D8C68A272A445E00F59761 /* Project object */;
			proxyType = 1;
			remoteGlobalIDString = 58D8C691272A445E00F59761;
			remoteInfo = XProject;
		};
/* End PBXContainerItemProxy section */

/* Begin PBXFileReference section */
		58416557272B24A1006F6964 /* VideoWithBlock.mov */ = {isa = PBXFileReference; lastKnownFileType = video.quicktime; path = VideoWithBlock.mov; sourceTree = "<group>"; };
		58416559272B2837006F6964 /* MainView.swift */ = {isa = PBXFileReference; lastKnownFileType = sourcecode.swift; path = MainView.swift; sourceTree = "<group>"; };
		5841655B272B46A0006F6964 /* CustomShape.swift */ = {isa = PBXFileReference; lastKnownFileType = sourcecode.swift; path = CustomShape.swift; sourceTree = "<group>"; };
		58D8C692272A445E00F59761 /* XProject.app */ = {isa = PBXFileReference; explicitFileType = wrapper.application; includeInIndex = 0; path = XProject.app; sourceTree = BUILT_PRODUCTS_DIR; };
		58D8C695272A445E00F59761 /* XProjectApp.swift */ = {isa = PBXFileReference; lastKnownFileType = sourcecode.swift; path = XProjectApp.swift; sourceTree = "<group>"; };
		58D8C697272A445E00F59761 /* ContentView.swift */ = {isa = PBXFileReference; lastKnownFileType = sourcecode.swift; path = ContentView.swift; sourceTree = "<group>"; };
		58D8C699272A445E00F59761 /* Assets.xcassets */ = {isa = PBXFileReference; lastKnownFileType = folder.assetcatalog; path = Assets.xcassets; sourceTree = "<group>"; };
		58D8C69C272A445E00F59761 /* Preview Assets.xcassets */ = {isa = PBXFileReference; lastKnownFileType = folder.assetcatalog; path = "Preview Assets.xcassets"; sourceTree = "<group>"; };
		58D8C6A2272A445E00F59761 /* XProjectTests.xctest */ = {isa = PBXFileReference; explicitFileType = wrapper.cfbundle; includeInIndex = 0; path = XProjectTests.xctest; sourceTree = BUILT_PRODUCTS_DIR; };
		58D8C6A6272A445E00F59761 /* XProjectTests.swift */ = {isa = PBXFileReference; lastKnownFileType = sourcecode.swift; path = XProjectTests.swift; sourceTree = "<group>"; };
		58D8C6AC272A445E00F59761 /* XProjectUITests.xctest */ = {isa = PBXFileReference; explicitFileType = wrapper.cfbundle; includeInIndex = 0; path = XProjectUITests.xctest; sourceTree = BUILT_PRODUCTS_DIR; };
		58D8C6B0272A445E00F59761 /* XProjectUITests.swift */ = {isa = PBXFileReference; lastKnownFileType = sourcecode.swift; path = XProjectUITests.swift; sourceTree = "<group>"; };
		58D8C6B2272A445E00F59761 /* XProjectUITestsLaunchTests.swift */ = {isa = PBXFileReference; lastKnownFileType = sourcecode.swift; path = XProjectUITestsLaunchTests.swift; sourceTree = "<group>"; };
		58D8C6BF272A456500F59761 /* videoPicker.swift */ = {isa = PBXFileReference; lastKnownFileType = sourcecode.swift; path = videoPicker.swift; sourceTree = "<group>"; };
/* End PBXFileReference section */

/* Begin PBXFrameworksBuildPhase section */
		58D8C68F272A445E00F59761 /* Frameworks */ = {
			isa = PBXFrameworksBuildPhase;
			buildActionMask = 2147483647;
			files = (
			);
			runOnlyForDeploymentPostprocessing = 0;
		};
		58D8C69F272A445E00F59761 /* Frameworks */ = {
			isa = PBXFrameworksBuildPhase;
			buildActionMask = 2147483647;
			files = (
			);
			runOnlyForDeploymentPostprocessing = 0;
		};
		58D8C6A9272A445E00F59761 /* Frameworks */ = {
			isa = PBXFrameworksBuildPhase;
			buildActionMask = 2147483647;
			files = (
			);
			runOnlyForDeploymentPostprocessing = 0;
		};
/* End PBXFrameworksBuildPhase section */

/* Begin PBXGroup section */
		58D8C689272A445E00F59761 = {
			isa = PBXGroup;
			children = (
				58D8C694272A445E00F59761 /* XProject */,
				58D8C6A5272A445E00F59761 /* XProjectTests */,
				58D8C6AF272A445E00F59761 /* XProjectUITests */,
				58D8C693272A445E00F59761 /* Products */,
			);
			sourceTree = "<group>";
		};
		58D8C693272A445E00F59761 /* Products */ = {
			isa = PBXGroup;
			children = (
				58D8C692272A445E00F59761 /* XProject.app */,
				58D8C6A2272A445E00F59761 /* XProjectTests.xctest */,
				58D8C6AC272A445E00F59761 /* XProjectUITests.xctest */,
			);
			name = Products;
			sourceTree = "<group>";
		};
		58D8C694272A445E00F59761 /* XProject */ = {
			isa = PBXGroup;
			children = (
				58416557272B24A1006F6964 /* VideoWithBlock.mov */,
				58416559272B2837006F6964 /* MainView.swift */,
				58D8C695272A445E00F59761 /* XProjectApp.swift */,
				58D8C697272A445E00F59761 /* ContentView.swift */,
				58D8C6BF272A456500F59761 /* videoPicker.swift */,
				58D8C699272A445E00F59761 /* Assets.xcassets */,
				58D8C69B272A445E00F59761 /* Preview Content */,
				5841655B272B46A0006F6964 /* CustomShape.swift */,
			);
			path = XProject;
			sourceTree = "<group>";
		};
		58D8C69B272A445E00F59761 /* Preview Content */ = {
			isa = PBXGroup;
			children = (
				58D8C69C272A445E00F59761 /* Preview Assets.xcassets */,
			);
			path = "Preview Content";
			sourceTree = "<group>";
		};
		58D8C6A5272A445E00F59761 /* XProjectTests */ = {
			isa = PBXGroup;
			children = (
				58D8C6A6272A445E00F59761 /* XProjectTests.swift */,
			);
			path = XProjectTests;
			sourceTree = "<group>";
		};
		58D8C6AF272A445E00F59761 /* XProjectUITests */ = {
			isa = PBXGroup;
			children = (
				58D8C6B0272A445E00F59761 /* XProjectUITests.swift */,
				58D8C6B2272A445E00F59761 /* XProjectUITestsLaunchTests.swift */,
			);
			path = XProjectUITests;
			sourceTree = "<group>";
		};
/* End PBXGroup section */

/* Begin PBXNativeTarget section */
		58D8C691272A445E00F59761 /* XProject */ = {
			isa = PBXNativeTarget;
			buildConfigurationList = 58D8C6B6272A445E00F59761 /* Build configuration list for PBXNativeTarget "XProject" */;
			buildPhases = (
				58D8C68E272A445E00F59761 /* Sources */,
				58D8C68F272A445E00F59761 /* Frameworks */,
				58D8C690272A445E00F59761 /* Resources */,
			);
			buildRules = (
			);
			dependencies = (
			);
			name = XProject;
			productName = XProject;
			productReference = 58D8C692272A445E00F59761 /* XProject.app */;
			productType = "com.apple.product-type.application";
		};
		58D8C6A1272A445E00F59761 /* XProjectTests */ = {
			isa = PBXNativeTarget;
			buildConfigurationList = 58D8C6B9272A445E00F59761 /* Build configuration list for PBXNativeTarget "XProjectTests" */;
			buildPhases = (
				58D8C69E272A445E00F59761 /* Sources */,
				58D8C69F272A445E00F59761 /* Frameworks */,
				58D8C6A0272A445E00F59761 /* Resources */,
			);
			buildRules = (
			);
			dependencies = (
				58D8C6A4272A445E00F59761 /* PBXTargetDependency */,
			);
			name = XProjectTests;
			productName = XProjectTests;
			productReference = 58D8C6A2272A445E00F59761 /* XProjectTests.xctest */;
			productType = "com.apple.product-type.bundle.unit-test";
		};
		58D8C6AB272A445E00F59761 /* XProjectUITests */ = {
			isa = PBXNativeTarget;
			buildConfigurationList = 58D8C6BC272A445E00F59761 /* Build configuration list for PBXNativeTarget "XProjectUITests" */;
			buildPhases = (
				58D8C6A8272A445E00F59761 /* Sources */,
				58D8C6A9272A445E00F59761 /* Frameworks */,
				58D8C6AA272A445E00F59761 /* Resources */,
			);
			buildRules = (
			);
			dependencies = (
				58D8C6AE272A445E00F59761 /* PBXTargetDependency */,
			);
			name = XProjectUITests;
			productName = XProjectUITests;
			productReference = 58D8C6AC272A445E00F59761 /* XProjectUITests.xctest */;
			productType = "com.apple.product-type.bundle.ui-testing";
		};
/* End PBXNativeTarget section */

/* Begin PBXProject section */
		58D8C68A272A445E00F59761 /* Project object */ = {
			isa = PBXProject;
			attributes = {
				BuildIndependentTargetsInParallel = 1;
				LastSwiftUpdateCheck = 1310;
				LastUpgradeCheck = 1310;
				TargetAttributes = {
					58D8C691272A445E00F59761 = {
						CreatedOnToolsVersion = 13.1;
					};
					58D8C6A1272A445E00F59761 = {
						CreatedOnToolsVersion = 13.1;
						TestTargetID = 58D8C691272A445E00F59761;
					};
					58D8C6AB272A445E00F59761 = {
						CreatedOnToolsVersion = 13.1;
						TestTargetID = 58D8C691272A445E00F59761;
					};
				};
			};
			buildConfigurationList = 58D8C68D272A445E00F59761 /* Build configuration list for PBXProject "XProject" */;
			compatibilityVersion = "Xcode 13.0";
			developmentRegion = en;
			hasScannedForEncodings = 0;
			knownRegions = (
				en,
				Base,
			);
			mainGroup = 58D8C689272A445E00F59761;
			productRefGroup = 58D8C693272A445E00F59761 /* Products */;
			projectDirPath = "";
			projectRoot = "";
			targets = (
				58D8C691272A445E00F59761 /* XProject */,
				58D8C6A1272A445E00F59761 /* XProjectTests */,
				58D8C6AB272A445E00F59761 /* XProjectUITests */,
			);
		};
/* End PBXProject section */

/* Begin PBXResourcesBuildPhase section */
		58D8C690272A445E00F59761 /* Resources */ = {
			isa = PBXResourcesBuildPhase;
			buildActionMask = 2147483647;
			files = (
				58D8C69D272A445E00F59761 /* Preview Assets.xcassets in Resources */,
				58416558272B24A1006F6964 /* VideoWithBlock.mov in Resources */,
				58D8C69A272A445E00F59761 /* Assets.xcassets in Resources */,
			);
			runOnlyForDeploymentPostprocessing = 0;
		};
		58D8C6A0272A445E00F59761 /* Resources */ = {
			isa = PBXResourcesBuildPhase;
			buildActionMask = 2147483647;
			files = (
			);
			runOnlyForDeploymentPostprocessing = 0;
		};
		58D8C6AA272A445E00F59761 /* Resources */ = {
			isa = PBXResourcesBuildPhase;
			buildActionMask = 2147483647;
			files = (
			);
			runOnlyForDeploymentPostprocessing = 0;
		};
/* End PBXResourcesBuildPhase section */

/* Begin PBXSourcesBuildPhase section */
		58D8C68E272A445E00F59761 /* Sources */ = {
			isa = PBXSourcesBuildPhase;
			buildActionMask = 2147483647;
			files = (
				5841655C272B46A0006F6964 /* CustomShape.swift in Sources */,
				58D8C698272A445E00F59761 /* ContentView.swift in Sources */,
				5841655A272B2837006F6964 /* MainView.swift in Sources */,
				58D8C6C0272A456500F59761 /* videoPicker.swift in Sources */,
				58D8C696272A445E00F59761 /* XProjectApp.swift in Sources */,
			);
			runOnlyForDeploymentPostprocessing = 0;
		};
		58D8C69E272A445E00F59761 /* Sources */ = {
			isa = PBXSourcesBuildPhase;
			buildActionMask = 2147483647;
			files = (
				58D8C6A7272A445E00F59761 /* XProjectTests.swift in Sources */,
			);
			runOnlyForDeploymentPostprocessing = 0;
		};
		58D8C6A8272A445E00F59761 /* Sources */ = {
			isa = PBXSourcesBuildPhase;
			buildActionMask = 2147483647;
			files = (
				58D8C6B3272A445E00F59761 /* XProjectUITestsLaunchTests.swift in Sources */,
				58D8C6B1272A445E00F59761 /* XProjectUITests.swift in Sources */,
			);
			runOnlyForDeploymentPostprocessing = 0;
		};
/* End PBXSourcesBuildPhase section */

/* Begin PBXTargetDependency section */
		58D8C6A4272A445E00F59761 /* PBXTargetDependency */ = {
			isa = PBXTargetDependency;
			target = 58D8C691272A445E00F59761 /* XProject */;
			targetProxy = 58D8C6A3272A445E00F59761 /* PBXContainerItemProxy */;
		};
		58D8C6AE272A445E00F59761 /* PBXTargetDependency */ = {
			isa = PBXTargetDependency;
			target = 58D8C691272A445E00F59761 /* XProject */;
			targetProxy = 58D8C6AD272A445E00F59761 /* PBXContainerItemProxy */;
		};
/* End PBXTargetDependency section */

/* Begin XCBuildConfiguration section */
		58D8C6B4272A445E00F59761 /* Debug */ = {
			isa = XCBuildConfiguration;
			buildSettings = {
				ALWAYS_SEARCH_USER_PATHS = NO;
				CLANG_ANALYZER_NONNULL = YES;
				CLANG_ANALYZER_NUMBER_OBJECT_CONVERSION = YES_AGGRESSIVE;
				CLANG_CXX_LANGUAGE_STANDARD = "gnu++17";
				CLANG_CXX_LIBRARY = "libc++";
				CLANG_ENABLE_MODULES = YES;
				CLANG_ENABLE_OBJC_ARC = YES;
				CLANG_ENABLE_OBJC_WEAK = YES;
				CLANG_WARN_BLOCK_CAPTURE_AUTORELEASING = YES;
				CLANG_WARN_BOOL_CONVERSION = YES;
				CLANG_WARN_COMMA = YES;
				CLANG_WARN_CONSTANT_CONVERSION = YES;
				CLANG_WARN_DEPRECATED_OBJC_IMPLEMENTATIONS = YES;
				CLANG_WARN_DIRECT_OBJC_ISA_USAGE = YES_ERROR;
				CLANG_WARN_DOCUMENTATION_COMMENTS = YES;
				CLANG_WARN_EMPTY_BODY = YES;
				CLANG_WARN_ENUM_CONVERSION = YES;
				CLANG_WARN_INFINITE_RECURSION = YES;
				CLANG_WARN_INT_CONVERSION = YES;
				CLANG_WARN_NON_LITERAL_NULL_CONVERSION = YES;
				CLANG_WARN_OBJC_IMPLICIT_RETAIN_SELF = YES;
				CLANG_WARN_OBJC_LITERAL_CONVERSION = YES;
				CLANG_WARN_OBJC_ROOT_CLASS = YES_ERROR;
				CLANG_WARN_QUOTED_INCLUDE_IN_FRAMEWORK_HEADER = YES;
				CLANG_WARN_RANGE_LOOP_ANALYSIS = YES;
				CLANG_WARN_STRICT_PROTOTYPES = YES;
				CLANG_WARN_SUSPICIOUS_MOVE = YES;
				CLANG_WARN_UNGUARDED_AVAILABILITY = YES_AGGRESSIVE;
				CLANG_WARN_UNREACHABLE_CODE = YES;
				CLANG_WARN__DUPLICATE_METHOD_MATCH = YES;
				COPY_PHASE_STRIP = NO;
				DEBUG_INFORMATION_FORMAT = dwarf;
				ENABLE_STRICT_OBJC_MSGSEND = YES;
				ENABLE_TESTABILITY = YES;
				GCC_C_LANGUAGE_STANDARD = gnu11;
				GCC_DYNAMIC_NO_PIC = NO;
				GCC_NO_COMMON_BLOCKS = YES;
				GCC_OPTIMIZATION_LEVEL = 0;
				GCC_PREPROCESSOR_DEFINITIONS = (
					"DEBUG=1",
					"$(inherited)",
				);
				GCC_WARN_64_TO_32_BIT_CONVERSION = YES;
				GCC_WARN_ABOUT_RETURN_TYPE = YES_ERROR;
				GCC_WARN_UNDECLARED_SELECTOR = YES;
				GCC_WARN_UNINITIALIZED_AUTOS = YES_AGGRESSIVE;
				GCC_WARN_UNUSED_FUNCTION = YES;
				GCC_WARN_UNUSED_VARIABLE = YES;
				IPHONEOS_DEPLOYMENT_TARGET = 15.0;
				MTL_ENABLE_DEBUG_INFO = INCLUDE_SOURCE;
				MTL_FAST_MATH = YES;
				ONLY_ACTIVE_ARCH = YES;
				SDKROOT = iphoneos;
				SWIFT_ACTIVE_COMPILATION_CONDITIONS = DEBUG;
				SWIFT_OPTIMIZATION_LEVEL = "-Onone";
			};
			name = Debug;
		};
		58D8C6B5272A445E00F59761 /* Release */ = {
			isa = XCBuildConfiguration;
			buildSettings = {
				ALWAYS_SEARCH_USER_PATHS = NO;
				CLANG_ANALYZER_NONNULL = YES;
				CLANG_ANALYZER_NUMBER_OBJECT_CONVERSION = YES_AGGRESSIVE;
				CLANG_CXX_LANGUAGE_STANDARD = "gnu++17";
				CLANG_CXX_LIBRARY = "libc++";
				CLANG_ENABLE_MODULES = YES;
				CLANG_ENABLE_OBJC_ARC = YES;
				CLANG_ENABLE_OBJC_WEAK = YES;
				CLANG_WARN_BLOCK_CAPTURE_AUTORELEASING = YES;
				CLANG_WARN_BOOL_CONVERSION = YES;
				CLANG_WARN_COMMA = YES;
				CLANG_WARN_CONSTANT_CONVERSION = YES;
				CLANG_WARN_DEPRECATED_OBJC_IMPLEMENTATIONS = YES;
				CLANG_WARN_DIRECT_OBJC_ISA_USAGE = YES_ERROR;
				CLANG_WARN_DOCUMENTATION_COMMENTS = YES;
				CLANG_WARN_EMPTY_BODY = YES;
				CLANG_WARN_ENUM_CONVERSION = YES;
				CLANG_WARN_INFINITE_RECURSION = YES;
				CLANG_WARN_INT_CONVERSION = YES;
				CLANG_WARN_NON_LITERAL_NULL_CONVERSION = YES;
				CLANG_WARN_OBJC_IMPLICIT_RETAIN_SELF = YES;
				CLANG_WARN_OBJC_LITERAL_CONVERSION = YES;
				CLANG_WARN_OBJC_ROOT_CLASS = YES_ERROR;
				CLANG_WARN_QUOTED_INCLUDE_IN_FRAMEWORK_HEADER = YES;
				CLANG_WARN_RANGE_LOOP_ANALYSIS = YES;
				CLANG_WARN_STRICT_PROTOTYPES = YES;
				CLANG_WARN_SUSPICIOUS_MOVE = YES;
				CLANG_WARN_UNGUARDED_AVAILABILITY = YES_AGGRESSIVE;
				CLANG_WARN_UNREACHABLE_CODE = YES;
				CLANG_WARN__DUPLICATE_METHOD_MATCH = YES;
				COPY_PHASE_STRIP = NO;
				DEBUG_INFORMATION_FORMAT = "dwarf-with-dsym";
				ENABLE_NS_ASSERTIONS = NO;
				ENABLE_STRICT_OBJC_MSGSEND = YES;
				GCC_C_LANGUAGE_STANDARD = gnu11;
				GCC_NO_COMMON_BLOCKS = YES;
				GCC_WARN_64_TO_32_BIT_CONVERSION = YES;
				GCC_WARN_ABOUT_RETURN_TYPE = YES_ERROR;
				GCC_WARN_UNDECLARED_SELECTOR = YES;
				GCC_WARN_UNINITIALIZED_AUTOS = YES_AGGRESSIVE;
				GCC_WARN_UNUSED_FUNCTION = YES;
				GCC_WARN_UNUSED_VARIABLE = YES;
				IPHONEOS_DEPLOYMENT_TARGET = 15.0;
				MTL_ENABLE_DEBUG_INFO = NO;
				MTL_FAST_MATH = YES;
				SDKROOT = iphoneos;
				SWIFT_COMPILATION_MODE = wholemodule;
				SWIFT_OPTIMIZATION_LEVEL = "-O";
				VALIDATE_PRODUCT = YES;
			};
			name = Release;
		};
		58D8C6B7272A445E00F59761 /* Debug */ = {
			isa = XCBuildConfiguration;
			buildSettings = {
				ASSETCATALOG_COMPILER_APPICON_NAME = AppIcon;
				ASSETCATALOG_COMPILER_GLOBAL_ACCENT_COLOR_NAME = AccentColor;
				CODE_SIGN_STYLE = Automatic;
				CURRENT_PROJECT_VERSION = 1;
				DEVELOPMENT_ASSET_PATHS = "\"XProject/Preview Content\"";
				DEVELOPMENT_TEAM = HL3N86QV8H;
				ENABLE_PREVIEWS = YES;
				GENERATE_INFOPLIST_FILE = YES;
				INFOPLIST_KEY_UIApplicationSceneManifest_Generation = YES;
				INFOPLIST_KEY_UIApplicationSupportsIndirectInputEvents = YES;
				INFOPLIST_KEY_UILaunchScreen_Generation = YES;
				INFOPLIST_KEY_UISupportedInterfaceOrientations_iPad = "UIInterfaceOrientationPortrait UIInterfaceOrientationPortraitUpsideDown UIInterfaceOrientationLandscapeLeft UIInterfaceOrientationLandscapeRight";
				INFOPLIST_KEY_UISupportedInterfaceOrientations_iPhone = "UIInterfaceOrientationPortrait UIInterfaceOrientationLandscapeLeft UIInterfaceOrientationLandscapeRight";
				LD_RUNPATH_SEARCH_PATHS = (
					"$(inherited)",
					"@executable_path/Frameworks",
				);
				MARKETING_VERSION = 1.0;
				PRODUCT_BUNDLE_IDENTIFIER = com.vishalpawar.XProject;
				PRODUCT_NAME = "$(TARGET_NAME)";
				SWIFT_EMIT_LOC_STRINGS = YES;
				SWIFT_VERSION = 5.0;
				TARGETED_DEVICE_FAMILY = "1,2";
			};
			name = Debug;
		};
		58D8C6B8272A445E00F59761 /* Release */ = {
			isa = XCBuildConfiguration;
			buildSettings = {
				ASSETCATALOG_COMPILER_APPICON_NAME = AppIcon;
				ASSETCATALOG_COMPILER_GLOBAL_ACCENT_COLOR_NAME = AccentColor;
				CODE_SIGN_STYLE = Automatic;
				CURRENT_PROJECT_VERSION = 1;
				DEVELOPMENT_ASSET_PATHS = "\"XProject/Preview Content\"";
				DEVELOPMENT_TEAM = HL3N86QV8H;
				ENABLE_PREVIEWS = YES;
				GENERATE_INFOPLIST_FILE = YES;
				INFOPLIST_KEY_UIApplicationSceneManifest_Generation = YES;
				INFOPLIST_KEY_UIApplicationSupportsIndirectInputEvents = YES;
				INFOPLIST_KEY_UILaunchScreen_Generation = YES;
				INFOPLIST_KEY_UISupportedInterfaceOrientations_iPad = "UIInterfaceOrientationPortrait UIInterfaceOrientationPortraitUpsideDown UIInterfaceOrientationLandscapeLeft UIInterfaceOrientationLandscapeRight";
				INFOPLIST_KEY_UISupportedInterfaceOrientations_iPhone = "UIInterfaceOrientationPortrait UIInterfaceOrientationLandscapeLeft UIInterfaceOrientationLandscapeRight";
				LD_RUNPATH_SEARCH_PATHS = (
					"$(inherited)",
					"@executable_path/Frameworks",
				);
				MARKETING_VERSION = 1.0;
				PRODUCT_BUNDLE_IDENTIFIER = com.vishalpawar.XProject;
				PRODUCT_NAME = "$(TARGET_NAME)";
				SWIFT_EMIT_LOC_STRINGS = YES;
				SWIFT_VERSION = 5.0;
				TARGETED_DEVICE_FAMILY = "1,2";
			};
			name = Release;
		};
		58D8C6BA272A445E00F59761 /* Debug */ = {
			isa = XCBuildConfiguration;
			buildSettings = {
				ALWAYS_EMBED_SWIFT_STANDARD_LIBRARIES = YES;
				BUNDLE_LOADER = "$(TEST_HOST)";
				CODE_SIGN_STYLE = Automatic;
				CURRENT_PROJECT_VERSION = 1;
				DEVELOPMENT_TEAM = 8SMMUB52NF;
				GENERATE_INFOPLIST_FILE = YES;
				IPHONEOS_DEPLOYMENT_TARGET = 15.0;
				LD_RUNPATH_SEARCH_PATHS = (
					"$(inherited)",
					"@executable_path/Frameworks",
					"@loader_path/Frameworks",
				);
				MARKETING_VERSION = 1.0;
				PRODUCT_BUNDLE_IDENTIFIER = com.vishal.XProjectTests;
				PRODUCT_NAME = "$(TARGET_NAME)";
				SWIFT_EMIT_LOC_STRINGS = NO;
				SWIFT_VERSION = 5.0;
				TARGETED_DEVICE_FAMILY = "1,2";
				TEST_HOST = "$(BUILT_PRODUCTS_DIR)/XProject.app/XProject";
			};
			name = Debug;
		};
		58D8C6BB272A445E00F59761 /* Release */ = {
			isa = XCBuildConfiguration;
			buildSettings = {
				ALWAYS_EMBED_SWIFT_STANDARD_LIBRARIES = YES;
				BUNDLE_LOADER = "$(TEST_HOST)";
				CODE_SIGN_STYLE = Automatic;
				CURRENT_PROJECT_VERSION = 1;
				DEVELOPMENT_TEAM = 8SMMUB52NF;
				GENERATE_INFOPLIST_FILE = YES;
				IPHONEOS_DEPLOYMENT_TARGET = 15.0;
				LD_RUNPATH_SEARCH_PATHS = (
					"$(inherited)",
					"@executable_path/Frameworks",
					"@loader_path/Frameworks",
				);
				MARKETING_VERSION = 1.0;
				PRODUCT_BUNDLE_IDENTIFIER = com.vishal.XProjectTests;
				PRODUCT_NAME = "$(TARGET_NAME)";
				SWIFT_EMIT_LOC_STRINGS = NO;
				SWIFT_VERSION = 5.0;
				TARGETED_DEVICE_FAMILY = "1,2";
				TEST_HOST = "$(BUILT_PRODUCTS_DIR)/XProject.app/XProject";
			};
			name = Release;
		};
		58D8C6BD272A445E00F59761 /* Debug */ = {
			isa = XCBuildConfiguration;
			buildSettings = {
				ALWAYS_EMBED_SWIFT_STANDARD_LIBRARIES = YES;
				CODE_SIGN_STYLE = Automatic;
				CURRENT_PROJECT_VERSION = 1;
				DEVELOPMENT_TEAM = 8SMMUB52NF;
				GENERATE_INFOPLIST_FILE = YES;
				LD_RUNPATH_SEARCH_PATHS = (
					"$(inherited)",
					"@executable_path/Frameworks",
					"@loader_path/Frameworks",
				);
				MARKETING_VERSION = 1.0;
				PRODUCT_BUNDLE_IDENTIFIER = com.vishal.XProjectUITests;
				PRODUCT_NAME = "$(TARGET_NAME)";
				SWIFT_EMIT_LOC_STRINGS = NO;
				SWIFT_VERSION = 5.0;
				TARGETED_DEVICE_FAMILY = "1,2";
				TEST_TARGET_NAME = XProject;
			};
			name = Debug;
		};
		58D8C6BE272A445E00F59761 /* Release */ = {
			isa = XCBuildConfiguration;
			buildSettings = {
				ALWAYS_EMBED_SWIFT_STANDARD_LIBRARIES = YES;
				CODE_SIGN_STYLE = Automatic;
				CURRENT_PROJECT_VERSION = 1;
				DEVELOPMENT_TEAM = 8SMMUB52NF;
				GENERATE_INFOPLIST_FILE = YES;
				LD_RUNPATH_SEARCH_PATHS = (
					"$(inherited)",
					"@executable_path/Frameworks",
					"@loader_path/Frameworks",
				);
				MARKETING_VERSION = 1.0;
				PRODUCT_BUNDLE_IDENTIFIER = com.vishal.XProjectUITests;
				PRODUCT_NAME = "$(TARGET_NAME)";
				SWIFT_EMIT_LOC_STRINGS = NO;
				SWIFT_VERSION = 5.0;
				TARGETED_DEVICE_FAMILY = "1,2";
				TEST_TARGET_NAME = XProject;
			};
			name = Release;
		};
/* End XCBuildConfiguration section */

/* Begin XCConfigurationList section */
		58D8C68D272A445E00F59761 /* Build configuration list for PBXProject "XProject" */ = {
			isa = XCConfigurationList;
			buildConfigurations = (
				58D8C6B4272A445E00F59761 /* Debug */,
				58D8C6B5272A445E00F59761 /* Release */,
			);
			defaultConfigurationIsVisible = 0;
			defaultConfigurationName = Release;
		};
		58D8C6B6272A445E00F59761 /* Build configuration list for PBXNativeTarget "XProject" */ = {
			isa = XCConfigurationList;
			buildConfigurations = (
				58D8C6B7272A445E00F59761 /* Debug */,
				58D8C6B8272A445E00F59761 /* Release */,
			);
			defaultConfigurationIsVisible = 0;
			defaultConfigurationName = Release;
		};
		58D8C6B9272A445E00F59761 /* Build configuration list for PBXNativeTarget "XProjectTests" */ = {
			isa = XCConfigurationList;
			buildConfigurations = (
				58D8C6BA272A445E00F59761 /* Debug */,
				58D8C6BB272A445E00F59761 /* Release */,
			);
			defaultConfigurationIsVisible = 0;
			defaultConfigurationName = Release;
		};
		58D8C6BC272A445E00F59761 /* Build configuration list for PBXNativeTarget "XProjectUITests" */ = {
			isa = XCConfigurationList;
			buildConfigurations = (
				58D8C6BD272A445E00F59761 /* Debug */,
				58D8C6BE272A445E00F59761 /* Release */,
			);
			defaultConfigurationIsVisible = 0;
			defaultConfigurationName = Release;
		};
/* End XCConfigurationList section */
	};
	rootObject = 58D8C68A272A445E00F59761 /* Project object */;
}
